github.com/zot/lazyfingertree v0.0.1 h1:8cmpaCYUsy7e8SCM2O+N+mfdBw2nQL/pM3KBSaunoRw=
github.com/zot/lazyfingertree v0.0.1/go.mod h1:VqU4DnVnQ/AFAoKRyExMXCd99V+0z2+iCU23hOMcAgA=
github.com/zot/lazyfingertree v0.0.2 h1:HArb1uLTN8/IQnrr73ZNJzOaF9Y/+2xsWihqbMTnMlY=
github.com/zot/lazyfingertree v0.0.2/go.mod h1:VqU4DnVnQ/AFAoKRyExMXCd99V+0z2+iCU23hOMcAgA=
github.com/zot/lazyfingertree v0.0.3 h1:CJZWyI4zlA8TVfTNH26I5y/Zu8TU7UXs+xl0OnV2RlM=
github.com/zot/lazyfingertree v0.0.3/go.mod h1:VqU4DnVnQ/AFAoKRyExMXCd99V+0z2+iCU23hOMcAgA=
github.com/zot/lazyfingertree v0.0.5 h1:ljxdzMlUcb+SrTCMx/mCUM5sxAgSl47Buw0tBj9L62s=
github.com/zot/lazyfingertree v0.0.5/go.mod h1:VqU4DnVnQ/AFAoKRyExMXCd99V+0z2+iCU23hOMcAgA=
